
Microsoft Visual Studio Solution File, Format Version 12.00
# Visual Studio Version 16
VisualStudioVersion = 16.0.29503.13
MinimumVisualStudioVersion = 10.0.40219.1
Project("{9A19103F-16F7-4668-BE54-9A1E7A4F7556}") = "XKCDComicWizardStyle", "XKCDComicWizardStyle\XKCDComicWizardStyle.csproj", "{400F8502-B496-40ED-BCCF-8E7597EE9C57}"
EndProject
Project("{FAE04EC0-301F-11D3-BF4B-00C04F79EFBC}") = "XKCDComicWizardStyle.Tests", "XKCDComicWizardStyle.Tests\XKCDComicWizardStyle.Tests.csproj", "{5148D0B5-D2D1-47B0-8AF5-197751DDBB3E}"
EndProject
Global
	GlobalSection(SolutionConfigurationPlatforms) = preSolution
		Debug|Any CPU = Debug|Any CPU
		Release|Any CPU = Release|Any CPU
	EndGlobalSection
	GlobalSection(ProjectConfigurationPlatforms) = postSolution
		{400F8502-B496-40ED-BCCF-8E7597EE9C57}.Debug|Any CPU.ActiveCfg = Debug|Any CPU
		{400F8502-B496-40ED-BCCF-8E7597EE9C57}.Debug|Any CPU.Build.0 = Debug|Any CPU
		{400F8502-B496-40ED-BCCF-8E7597EE9C57}.Release|Any CPU.ActiveCfg = Release|Any CPU
		{400F8502-B496-40ED-BCCF-8E7597EE9C57}.Release|Any CPU.Build.0 = Release|Any CPU
		{5148D0B5-D2D1-47B0-8AF5-197751DDBB3E}.Debug|Any CPU.ActiveCfg = Debug|Any CPU
		{5148D0B5-D2D1-47B0-8AF5-197751DDBB3E}.Debug|Any CPU.Build.0 = Debug|Any CPU
		{5148D0B5-D2D1-47B0-8AF5-197751DDBB3E}.Release|Any CPU.ActiveCfg = Release|Any CPU
		{5148D0B5-D2D1-47B0-8AF5-197751DDBB3E}.Release|Any CPU.Build.0 = Release|Any CPU
	EndGlobalSection
	GlobalSection(SolutionProperties) = preSolution
		HideSolutionNode = FALSE
	EndGlobalSection
	GlobalSection(ExtensibilityGlobals) = postSolution
		SolutionGuid = {BEAFF5DE-8C71-4683-AD70-B3CE3D36A07C}
	EndGlobalSection
EndGlobal
